<?xml version="1.0" encoding="utf-8"?>
<Project ToolsVersion="4.0" xmlns="http://schemas.microsoft.com/developer/msbuild/2003">
  <ItemGroup>
    <ClCompile Include="Character.cpp">
      <Filter>Source</Filter>
    </ClCompile>
    <ClCompile Include="CharacterManager.cpp">
      <Filter>Source</Filter>
    </ClCompile>
    <ClCompile Include="Enemy.cpp">
      <Filter>Source</Filter>
    </ClCompile>
    <ClCompile Include="ImageLoader.cpp">
      <Filter>Source</Filter>
    </ClCompile>
    <ClCompile Include="InputManager.cpp">
      <Filter>Source</Filter>
    </ClCompile>
    <ClCompile Include="main.cpp">
      <Filter>Source</Filter>
    </ClCompile>
    <ClCompile Include="PlayEngine.cpp">
      <Filter>Source</Filter>
    </ClCompile>
    <ClCompile Include="PlayerCharacter.cpp">
      <Filter>Source</Filter>
    </ClCompile>
    <ClCompile Include="Rectangle.cpp">
      <Filter>Source</Filter>
    </ClCompile>
    <ClCompile Include="Shot.cpp">
      <Filter>Source</Filter>
    </ClCompile>
    <ClCompile Include="Vector2.cpp">
      <Filter>Source</Filter>
    </ClCompile>
  </ItemGroup>
  <ItemGroup>
    <ClInclude Include="CharacterManager.h">
      <Filter>Header</Filter>
    </ClInclude>
    <ClInclude Include="Character.h">
      <Filter>Header</Filter>
    </ClInclude>
    <ClInclude Include="Enemy.h">
      <Filter>Header</Filter>
    </ClInclude>
    <ClInclude Include="ImageLoader.h">
      <Filter>Header</Filter>
    </ClInclude>
    <ClInclude Include="InputManager.h">
      <Filter>Header</Filter>
    </ClInclude>
    <ClInclude Include="main.h">
      <Filter>Header</Filter>
    </ClInclude>
    <ClInclude Include="PlayEngine.h">
      <Filter>Header</Filter>
    </ClInclude>
    <ClInclude Include="PlayerCharacter.h">
      <Filter>Header</Filter>
    </ClInclude>
    <ClInclude Include="Rectangle.h">
      <Filter>Header</Filter>
    </ClInclude>
    <ClInclude Include="Shot.h">
      <Filter>Header</Filter>
    </ClInclude>
    <ClInclude Include="Vector2.h">
      <Filter>Header</Filter>
    </ClInclude>
  </ItemGroup>
  <ItemGroup>
    <Image Include="Contents\Sprites\bullet_test.png">
      <Filter>Assets</Filter>
    </Image>
    <Image Include="Contents\Sprites\chara_test.png">
      <Filter>Assets</Filter>
    </Image>
  </ItemGroup>
  <ItemGroup>
    <Filter Include="Header">
      <UniqueIdentifier>{9b3e1b7e-fe61-4119-8a40-a287795baca6}</UniqueIdentifier>
    </Filter>
    <Filter Include="Source">
      <UniqueIdentifier>{18f50676-fa89-4e0c-a656-e4798ddb3195}</UniqueIdentifier>
    </Filter>
    <Filter Include="Assets">
      <UniqueIdentifier>{745a4875-9994-4a59-bd86-f2fae0e4dbc5}</UniqueIdentifier>
    </Filter>
  </ItemGroup>
</Project>